{
  "nodes": {
    "flake-utils": {
      "locked": {
        "lastModified": 1644229661,
        "narHash": "sha256-1YdnJAsNy69bpcjuoKdOYQX0YxZBiCYZo4Twxerqv7k=",
        "owner": "numtide",
        "repo": "flake-utils",
        "rev": "3cecb5b042f7f209c56ffd8371b2711a290ec797",
        "type": "github"
      },
      "original": {
        "owner": "numtide",
        "repo": "flake-utils",
        "type": "github"
      }
    },
    "home-manager": {
      "inputs": {
        "nixpkgs": [
          "nixpkgs"
        ],
        "utils": [
          "utils"
        ]
      },
      "locked": {
        "lastModified": 1679480702,
        "narHash": "sha256-npuRD61YmxUPitI1TqKwlxLrU6iGl5E+BPT196LgUDo=",
        "owner": "nix-community",
        "repo": "home-manager",
        "rev": "363c46b2480f1b73ec37cf68caac61f5daa82a2e",
        "type": "github"
      },
      "original": {
        "owner": "nix-community",
        "repo": "home-manager",
        "type": "github"
      }
    },
    "latest": {
      "locked": {
        "lastModified": 1679262748,
        "narHash": "sha256-DQCrrAFrkxijC6haUzOC5ZoFqpcv/tg2WxnyW3np1Cc=",
        "owner": "nixos",
        "repo": "nixpkgs",
        "rev": "60c1d71f2ba4c80178ec84523c2ca0801522e0a6",
        "type": "github"
      },
      "original": {
        "owner": "nixos",
        "ref": "nixos-unstable",
        "repo": "nixpkgs",
        "type": "github"
      }
    },
    "nixos-hardware": {
      "locked": {
        "lastModified": 1679224149,
        "narHash": "sha256-TSY37Zv0icF/aijR3/KWGLVBlnKKHlG9QTj7vHbF/UU=",
        "owner": "nixos",
        "repo": "nixos-hardware",
        "rev": "a4bc66709604ab78abc575b60baa6d23ae027a59",
        "type": "github"
      },
      "original": {
        "owner": "nixos",
        "ref": "master",
        "repo": "nixos-hardware",
        "type": "github"
      }
    },
    "nixpkgs": {
      "locked": {
        "lastModified": 1679318992,
        "narHash": "sha256-uoj5Oy6hruIHuxzfQZtcalObe5kPrX9v+ClUMFEOzmE=",
        "owner": "nixos",
        "repo": "nixpkgs",
        "rev": "e2c97799da5f5cd87adfa5017fba971771e123ef",
        "type": "github"
      },
      "original": {
        "owner": "nixos",
        "ref": "nixos-22.11",
        "repo": "nixpkgs",
        "type": "github"
      }
    },
    "nixpkgs_2": {
      "locked": {
        "lastModified": 1679410443,
        "narHash": "sha256-xDHO/jixWD+y5pmW5+2q4Z4O/I/nA4MAa30svnZKK+M=",
        "owner": "NixOS",
        "repo": "nixpkgs",
        "rev": "c9ece0059f42e0ab53ac870104ca4049df41b133",
        "type": "github"
      },
      "original": {
        "id": "nixpkgs",
        "type": "indirect"
      }
    },
    "root": {
      "inputs": {
        "home-manager": "home-manager",
        "latest": "latest",
        "nixos-hardware": "nixos-hardware",
        "nixpkgs": "nixpkgs",
        "utils": "utils",
        "vscode-server": "vscode-server"
      }
    },
    "utils": {
      "inputs": {
        "flake-utils": "flake-utils"
      },
      "locked": {
        "lastModified": 1657226504,
        "narHash": "sha256-GIYNjuq4mJlFgqKsZ+YrgzWm0IpA4axA3MCrdKYj7gs=",
        "owner": "gytis-ivaskevicius",
        "repo": "flake-utils-plus",
        "rev": "2bf0f91643c2e5ae38c1b26893ac2927ac9bd82a",
        "type": "github"
      },
      "original": {
        "owner": "gytis-ivaskevicius",
        "repo": "flake-utils-plus",
        "type": "github"
      }
    },
    "vscode-server": {
      "inputs": {
        "nixpkgs": "nixpkgs_2"
      },
      "locked": {
        "lastModified": 1676501444,
        "narHash": "sha256-H+uQetkzd5GIga56HmCDwl5eihdQgeN2jVdNrkXzDyo=",
        "owner": "msteen",
        "repo": "nixos-vscode-server",
        "rev": "57f1716bc625d2892579294cc207956679e3d94c",
        "type": "github"
      },
      "original": {
        "owner": "msteen",
        "repo": "nixos-vscode-server",
        "type": "github"
      }
    }
  },
  "root": "root",
  "version": 7
}
